
Microsoft Visual Studio Solution File, Format Version 12.00
# Visual Studio Version 16
VisualStudioVersion = 16.0.31424.327
MinimumVisualStudioVersion = 10.0.40219.1
Project("{9A19103F-16F7-4668-BE54-9A1E7A4F7556}") = "forajax", "forajax\forajax.csproj", "{FD26CDEE-7631-4BDB-8450-8B97FE2243F0}"
EndProject
Global
	GlobalSection(SolutionConfigurationPlatforms) = preSolution
		Debug|Any CPU = Debug|Any CPU
		Release|Any CPU = Release|Any CPU
	EndGlobalSection
	GlobalSection(ProjectConfigurationPlatforms) = postSolution
		{FD26CDEE-7631-4BDB-8450-8B97FE2243F0}.Debug|Any CPU.ActiveCfg = Debug|Any CPU
		{FD26CDEE-7631-4BDB-8450-8B97FE2243F0}.Debug|Any CPU.Build.0 = Debug|Any CPU
		{FD26CDEE-7631-4BDB-8450-8B97FE2243F0}.Release|Any CPU.ActiveCfg = Release|Any CPU
		{FD26CDEE-7631-4BDB-8450-8B97FE2243F0}.Release|Any CPU.Build.0 = Release|Any CPU
	EndGlobalSection
	GlobalSection(SolutionProperties) = preSolution
		HideSolutionNode = FALSE
	EndGlobalSection
	GlobalSection(ExtensibilityGlobals) = postSolution
		SolutionGuid = {4960570F-75C5-41ED-8C76-70F8F708E8B9}
	EndGlobalSection
EndGlobal
